
Microsoft Visual Studio Solution File, Format Version 12.00
# Visual Studio Version 17
VisualStudioVersion = 17.5.33414.496
MinimumVisualStudioVersion = 10.0.40219.1
Project("{FAE04EC0-301F-11D3-BF4B-00C04F79EFBC}") = "tpmodul4_1302210021", "tpmodul4_1302210021\tpmodul4_1302210021.csproj", "{B7336C8F-840D-46E8-8657-AFCFA245DC8F}"
EndProject
Global
	GlobalSection(SolutionConfigurationPlatforms) = preSolution
		Debug|Any CPU = Debug|Any CPU
		Release|Any CPU = Release|Any CPU
	EndGlobalSection
	GlobalSection(ProjectConfigurationPlatforms) = postSolution
		{B7336C8F-840D-46E8-8657-AFCFA245DC8F}.Debug|Any CPU.ActiveCfg = Debug|Any CPU
		{B7336C8F-840D-46E8-8657-AFCFA245DC8F}.Debug|Any CPU.Build.0 = Debug|Any CPU
		{B7336C8F-840D-46E8-8657-AFCFA245DC8F}.Release|Any CPU.ActiveCfg = Release|Any CPU
		{B7336C8F-840D-46E8-8657-AFCFA245DC8F}.Release|Any CPU.Build.0 = Release|Any CPU
	EndGlobalSection
	GlobalSection(SolutionProperties) = preSolution
		HideSolutionNode = FALSE
	EndGlobalSection
	GlobalSection(ExtensibilityGlobals) = postSolution
		SolutionGuid = {E5FB0000-BE59-4178-962E-C8E19F6CD232}
	EndGlobalSection
EndGlobal
